// !$*UTF8*$!
{
	archiveVersion = 1;
	classes = {
	};
	objectVersion = 46;
	objects = {

/* Begin PBXBuildFile section */
		46DDAA831E5EB90E00A72769 /* AppDelegate.swift in Sources */ = {isa = PBXBuildFile; fileRef = 46DDAA821E5EB90E00A72769 /* AppDelegate.swift */; };
		46DDAA851E5EB90E00A72769 /* ViewController.swift in Sources */ = {isa = PBXBuildFile; fileRef = 46DDAA841E5EB90E00A72769 /* ViewController.swift */; };
		46DDAA881E5EB90E00A72769 /* Main.storyboard in Resources */ = {isa = PBXBuildFile; fileRef = 46DDAA861E5EB90E00A72769 /* Main.storyboard */; };
		46DDAA8A1E5EB90E00A72769 /* Assets.xcassets in Resources */ = {isa = PBXBuildFile; fileRef = 46DDAA891E5EB90E00A72769 /* Assets.xcassets */; };
		46DDAA8D1E5EB90E00A72769 /* LaunchScreen.storyboard in Resources */ = {isa = PBXBuildFile; fileRef = 46DDAA8B1E5EB90E00A72769 /* LaunchScreen.storyboard */; };
/* End PBXBuildFile section */

/* Begin PBXFileReference section */
		46DDAA7F1E5EB90E00A72769 /* AccountBook.app */ = {isa = PBXFileReference; explicitFileType = wrapper.application; includeInIndex = 0; path = AccountBook.app; sourceTree = BUILT_PRODUCTS_DIR; };
		46DDAA821E5EB90E00A72769 /* AppDelegate.swift */ = {isa = PBXFileReference; lastKnownFileType = sourcecode.swift; path = AppDelegate.swift; sourceTree = "<group>"; };
		46DDAA841E5EB90E00A72769 /* ViewController.swift */ = {isa = PBXFileReference; lastKnownFileType = sourcecode.swift; path = ViewController.swift; sourceTree = "<group>"; };
		46DDAA871E5EB90E00A72769 /* Base */ = {isa = PBXFileReference; lastKnownFileType = file.storyboard; name = Base; path = Base.lproj/Main.storyboard; sourceTree = "<group>"; };
		46DDAA891E5EB90E00A72769 /* Assets.xcassets */ = {isa = PBXFileReference; lastKnownFileType = folder.assetcatalog; path = Assets.xcassets; sourceTree = "<group>"; };
		46DDAA8C1E5EB90E00A72769 /* Base */ = {isa = PBXFileReference; lastKnownFileType = file.storyboard; name = Base; path = Base.lproj/LaunchScreen.storyboard; sourceTree = "<group>"; };
		46DDAA8E1E5EB90E00A72769 /* Info.plist */ = {isa = PBXFileReference; lastKnownFileType = text.plist.xml; path = Info.plist; sourceTree = "<group>"; };
/* End PBXFileReference section */

/* Begin PBXFrameworksBuildPhase section */
		46DDAA7C1E5EB90E00A72769 /* Frameworks */ = {
			isa = PBXFrameworksBuildPhase;
			buildActionMask = 2147483647;
			files = (
			);
			runOnlyForDeploymentPostprocessing = 0;
		};
/* End PBXFrameworksBuildPhase section */

/* Begin PBXGroup section */
		46DDAA761E5EB90E00A72769 = {
			isa = PBXGroup;
			children = (
				46DDAA811E5EB90E00A72769 /* AccountBook */,
				46DDAA801E5EB90E00A72769 /* Products */,
			);
			sourceTree = "<group>";
		};
		46DDAA801E5EB90E00A72769 /* Products */ = {
			isa = PBXGroup;
			children = (
				46DDAA7F1E5EB90E00A72769 /* AccountBook.app */,
			);
			name = Products;
			sourceTree = "<group>";
		};
		46DDAA811E5EB90E00A72769 /* AccountBook */ = {
			isa = PBXGroup;
			children = (
				46DDAA821E5EB90E00A72769 /* AppDelegate.swift */,
				46DDAA841E5EB90E00A72769 /* ViewController.swift */,
				46DDAA861E5EB90E00A72769 /* Main.storyboard */,
				46DDAA891E5EB90E00A72769 /* Assets.xcassets */,
				46DDAA8B1E5EB90E00A72769 /* LaunchScreen.storyboard */,
				46DDAA8E1E5EB90E00A72769 /* Info.plist */,
			);
			path = AccountBook;
			sourceTree = "<group>";
		};
/* End PBXGroup section */

/* Begin PBXNativeTarget section */
		46DDAA7E1E5EB90E00A72769 /* AccountBook */ = {
			isa = PBXNativeTarget;
			buildConfigurationList = 46DDAA911E5EB90E00A72769 /* Build configuration list for PBXNativeTarget "AccountBook" */;
			buildPhases = (
				46DDAA7B1E5EB90E00A72769 /* Sources */,
				46DDAA7C1E5EB90E00A72769 /* Frameworks */,
				46DDAA7D1E5EB90E00A72769 /* Resources */,
			);
			buildRules = (
			);
			dependencies = (
			);
			name = AccountBook;
			productName = AccountBook;
			productReference = 46DDAA7F1E5EB90E00A72769 /* AccountBook.app */;
			productType = "com.apple.product-type.application";
		};
/* End PBXNativeTarget section */

/* Begin PBXProject section */
		46DDAA771E5EB90E00A72769 /* Project object */ = {
			isa = PBXProject;
			attributes = {
				LastSwiftUpdateCheck = 0820;
				LastUpgradeCheck = 0820;
				ORGANIZATIONNAME = owenhong;
				TargetAttributes = {
					46DDAA7E1E5EB90E00A72769 = {
						CreatedOnToolsVersion = 8.2.1;
						DevelopmentTeam = 7J2E3LWW2G;
						ProvisioningStyle = Automatic;
					};
				};
			};
			buildConfigurationList = 46DDAA7A1E5EB90E00A72769 /* Build configuration list for PBXProject "AccountBook" */;
			compatibilityVersion = "Xcode 3.2";
			developmentRegion = English;
			hasScannedForEncodings = 0;
			knownRegions = (
				en,
				Base,
			);
			mainGroup = 46DDAA761E5EB90E00A72769;
			productRefGroup = 46DDAA801E5EB90E00A72769 /* Products */;
			projectDirPath = "";
			projectRoot = "";
			targets = (
				46DDAA7E1E5EB90E00A72769 /* AccountBook */,
			);
		};
/* End PBXProject section */

/* Begin PBXResourcesBuildPhase section */
		46DDAA7D1E5EB90E00A72769 /* Resources */ = {
			isa = PBXResourcesBuildPhase;
			buildActionMask = 2147483647;
			files = (
				46DDAA8D1E5EB90E00A72769 /* LaunchScreen.storyboard in Resources */,
				46DDAA8A1E5EB90E00A72769 /* Assets.xcassets in Resources */,
				46DDAA881E5EB90E00A72769 /* Main.storyboard in Resources */,
			);
			runOnlyForDeploymentPostprocessing = 0;
		};
/* End PBXResourcesBuildPhase section */

/* Begin PBXSourcesBuildPhase section */
		46DDAA7B1E5EB90E00A72769 /* Sources */ = {
			isa = PBXSourcesBuildPhase;
			buildActionMask = 2147483647;
			files = (
				46DDAA851E5EB90E00A72769 /* ViewController.swift in Sources */,
				46DDAA831E5EB90E00A72769 /* AppDelegate.swift in Sources */,
			);
			runOnlyForDeploymentPostprocessing = 0;
		};
/* End PBXSourcesBuildPhase section */

/* Begin PBXVariantGroup section */
		46DDAA861E5EB90E00A72769 /* Main.storyboard */ = {
			isa = PBXVariantGroup;
			children = (
				46DDAA871E5EB90E00A72769 /* Base */,
			);
			name = Main.storyboard;
			sourceTree = "<group>";
		};
		46DDAA8B1E5EB90E00A72769 /* LaunchScreen.storyboard */ = {
			isa = PBXVariantGroup;
			children = (
				46DDAA8C1E5EB90E00A72769 /* Base */,
			);
			name = LaunchScreen.storyboard;
			sourceTree = "<group>";
		};
/* End PBXVariantGroup section */

/* Begin XCBuildConfiguration section */
		46DDAA8F1E5EB90E00A72769 /* Debug */ = {
			isa = XCBuildConfiguration;
			buildSettings = {
				ALWAYS_SEARCH_USER_PATHS = NO;
				CLANG_ANALYZER_NONNULL = YES;
				CLANG_CXX_LANGUAGE_STANDARD = "gnu++0x";
				CLANG_CXX_LIBRARY = "libc++";
				CLANG_ENABLE_MODULES = YES;
				CLANG_ENABLE_OBJC_ARC = YES;
				CLANG_WARN_BOOL_CONVERSION = YES;
				CLANG_WARN_CONSTANT_CONVERSION = YES;
				CLANG_WARN_DIRECT_OBJC_ISA_USAGE = YES_ERROR;
				CLANG_WARN_DOCUMENTATION_COMMENTS = YES;
				CLANG_WARN_EMPTY_BODY = YES;
				CLANG_WARN_ENUM_CONVERSION = YES;
				CLANG_WARN_INFINITE_RECURSION = YES;
				CLANG_WARN_INT_CONVERSION = YES;
				CLANG_WARN_OBJC_ROOT_CLASS = YES_ERROR;
				CLANG_WARN_SUSPICIOUS_MOVE = YES;
				CLANG_WARN_UNREACHABLE_CODE = YES;
				CLANG_WARN__DUPLICATE_METHOD_MATCH = YES;
				"CODE_SIGN_IDENTITY[sdk=iphoneos*]" = "iPhone Developer";
				COPY_PHASE_STRIP = NO;
				DEBUG_INFORMATION_FORMAT = dwarf;
				ENABLE_STRICT_OBJC_MSGSEND = YES;
				ENABLE_TESTABILITY = YES;
				GCC_C_LANGUAGE_STANDARD = gnu99;
				GCC_DYNAMIC_NO_PIC = NO;
				GCC_NO_COMMON_BLOCKS = YES;
				GCC_OPTIMIZATION_LEVEL = 0;
				GCC_PREPROCESSOR_DEFINITIONS = (
					"DEBUG=1",
					"$(inherited)",
				);
				GCC_WARN_64_TO_32_BIT_CONVERSION = YES;
				GCC_WARN_ABOUT_RETURN_TYPE = YES_ERROR;
				GCC_WARN_UNDECLARED_SELECTOR = YES;
				GCC_WARN_UNINITIALIZED_AUTOS = YES_AGGRESSIVE;
				GCC_WARN_UNUSED_FUNCTION = YES;
				GCC_WARN_UNUSED_VARIABLE = YES;
				IPHONEOS_DEPLOYMENT_TARGET = 10.2;
				MTL_ENABLE_DEBUG_INFO = YES;
				ONLY_ACTIVE_ARCH = YES;
				SDKROOT = iphoneos;
				SWIFT_ACTIVE_COMPILATION_CONDITIONS = DEBUG;
				SWIFT_OPTIMIZATION_LEVEL = "-Onone";
			};
			name = Debug;
		};
		46DDAA901E5EB90E00A72769 /* Release */ = {
			isa = XCBuildConfiguration;
			buildSettings = {
				ALWAYS_SEARCH_USER_PATHS = NO;
				CLANG_ANALYZER_NONNULL = YES;
				CLANG_CXX_LANGUAGE_STANDARD = "gnu++0x";
				CLANG_CXX_LIBRARY = "libc++";
				CLANG_ENABLE_MODULES = YES;
				CLANG_ENABLE_OBJC_ARC = YES;
				CLANG_WARN_BOOL_CONVERSION = YES;
				CLANG_WARN_CONSTANT_CONVERSION = YES;
				CLANG_WARN_DIRECT_OBJC_ISA_USAGE = YES_ERROR;
				CLANG_WARN_DOCUMENTATION_COMMENTS = YES;
				CLANG_WARN_EMPTY_BODY = YES;
				CLANG_WARN_ENUM_CONVERSION = YES;
				CLANG_WARN_INFINITE_RECURSION = YES;
				CLANG_WARN_INT_CONVERSION = YES;
				CLANG_WARN_OBJC_ROOT_CLASS = YES_ERROR;
				CLANG_WARN_SUSPICIOUS_MOVE = YES;
				CLANG_WARN_UNREACHABLE_CODE = YES;
				CLANG_WARN__DUPLICATE_METHOD_MATCH = YES;
				"CODE_SIGN_IDENTITY[sdk=iphoneos*]" = "iPhone Developer";
				COPY_PHASE_STRIP = NO;
				DEBUG_INFORMATION_FORMAT = "dwarf-with-dsym";
				ENABLE_NS_ASSERTIONS = NO;
				ENABLE_STRICT_OBJC_MSGSEND = YES;
				GCC_C_LANGUAGE_STANDARD = gnu99;
				GCC_NO_COMMON_BLOCKS = YES;
				GCC_WARN_64_TO_32_BIT_CONVERSION = YES;
				GCC_WARN_ABOUT_RETURN_TYPE = YES_ERROR;
				GCC_WARN_UNDECLARED_SELECTOR = YES;
				GCC_WARN_UNINITIALIZED_AUTOS = YES_AGGRESSIVE;
				GCC_WARN_UNUSED_FUNCTION = YES;
				GCC_WARN_UNUSED_VARIABLE = YES;
				IPHONEOS_DEPLOYMENT_TARGET = 10.2;
				MTL_ENABLE_DEBUG_INFO = NO;
				SDKROOT = iphoneos;
				SWIFT_OPTIMIZATION_LEVEL = "-Owholemodule";
				VALIDATE_PRODUCT = YES;
			};
			name = Release;
		};
		46DDAA921E5EB90E00A72769 /* Debug */ = {
			isa = XCBuildConfiguration;
			buildSettings = {
				ASSETCATALOG_COMPILER_APPICON_NAME = AppIcon;
				DEVELOPMENT_TEAM = 7J2E3LWW2G;
				INFOPLIST_FILE = AccountBook/Info.plist;
				LD_RUNPATH_SEARCH_PATHS = "$(inherited) @executable_path/Frameworks";
				PRODUCT_BUNDLE_IDENTIFIER = com.owenhong.AccountBook;
				PRODUCT_NAME = "$(TARGET_NAME)";
				SWIFT_VERSION = 3.0;
			};
			name = Debug;
		};
		46DDAA931E5EB90E00A72769 /* Release */ = {
			isa = XCBuildConfiguration;
			buildSettings = {
				ASSETCATALOG_COMPILER_APPICON_NAME = AppIcon;
				DEVELOPMENT_TEAM = 7J2E3LWW2G;
				INFOPLIST_FILE = AccountBook/Info.plist;
				LD_RUNPATH_SEARCH_PATHS = "$(inherited) @executable_path/Frameworks";
				PRODUCT_BUNDLE_IDENTIFIER = com.owenhong.AccountBook;
				PRODUCT_NAME = "$(TARGET_NAME)";
				SWIFT_VERSION = 3.0;
			};
			name = Release;
		};
/* End XCBuildConfiguration section */

/* Begin XCConfigurationList section */
		46DDAA7A1E5EB90E00A72769 /* Build configuration list for PBXProject "AccountBook" */ = {
			isa = XCConfigurationList;
			buildConfigurations = (
				46DDAA8F1E5EB90E00A72769 /* Debug */,
				46DDAA901E5EB90E00A72769 /* Release */,
			);
			defaultConfigurationIsVisible = 0;
			defaultConfigurationName = Release;
		};
		46DDAA911E5EB90E00A72769 /* Build configuration list for PBXNativeTarget "AccountBook" */ = {
			isa = XCConfigurationList;
			buildConfigurations = (
				46DDAA921E5EB90E00A72769 /* Debug */,
				46DDAA931E5EB90E00A72769 /* Release */,
			);
			defaultConfigurationIsVisible = 0;
		};
/* End XCConfigurationList section */
	};
	rootObject = 46DDAA771E5EB90E00A72769 /* Project object */;
}
